
Microsoft Visual Studio Solution File, Format Version 12.00
# Visual Studio Version 17
VisualStudioVersion = 17.8.34525.116
MinimumVisualStudioVersion = 10.0.40219.1
Project("{FAE04EC0-301F-11D3-BF4B-00C04F79EFBC}") = "SemesterProject", "SemesterProject\SemesterProject.csproj", "{074F9C0E-98DE-4055-BBF3-91AC7E214E51}"
EndProject
Global
	GlobalSection(SolutionConfigurationPlatforms) = preSolution
		Debug|Any CPU = Debug|Any CPU
		Release|Any CPU = Release|Any CPU
	EndGlobalSection
	GlobalSection(ProjectConfigurationPlatforms) = postSolution
		{074F9C0E-98DE-4055-BBF3-91AC7E214E51}.Debug|Any CPU.ActiveCfg = Debug|Any CPU
		{074F9C0E-98DE-4055-BBF3-91AC7E214E51}.Debug|Any CPU.Build.0 = Debug|Any CPU
		{074F9C0E-98DE-4055-BBF3-91AC7E214E51}.Release|Any CPU.ActiveCfg = Release|Any CPU
		{074F9C0E-98DE-4055-BBF3-91AC7E214E51}.Release|Any CPU.Build.0 = Release|Any CPU
	EndGlobalSection
	GlobalSection(SolutionProperties) = preSolution
		HideSolutionNode = FALSE
	EndGlobalSection
	GlobalSection(ExtensibilityGlobals) = postSolution
		SolutionGuid = {C84A098F-EFB4-4462-B10A-B4B6D6D18837}
	EndGlobalSection
EndGlobal
